// !$*UTF8*$!
{
	archiveVersion = 1;
	classes = {
	};
	objectVersion = 56;
	objects = {

/* Begin PBXBuildFile section */
		C43B7A4E2DD27C9900B2D429 /* People_RegistrationApp.swift in Sources */ = {isa = PBXBuildFile; fileRef = C43B7A4D2DD27C9900B2D429 /* People_RegistrationApp.swift */; };
		C43B7A502DD27C9900B2D429 /* ContentView.swift in Sources */ = {isa = PBXBuildFile; fileRef = C43B7A4F2DD27C9900B2D429 /* ContentView.swift */; };
		C43B7A522DD27C9C00B2D429 /* Assets.xcassets in Resources */ = {isa = PBXBuildFile; fileRef = C43B7A512DD27C9C00B2D429 /* Assets.xcassets */; };
		C43B7A562DD27C9C00B2D429 /* Preview Assets.xcassets in Resources */ = {isa = PBXBuildFile; fileRef = C43B7A552DD27C9C00B2D429 /* Preview Assets.xcassets */; };
		C43B7A602DD27C9C00B2D429 /* People_RegistrationTests.swift in Sources */ = {isa = PBXBuildFile; fileRef = C43B7A5F2DD27C9C00B2D429 /* People_RegistrationTests.swift */; };
		C43B7A6A2DD27C9C00B2D429 /* People_RegistrationUITests.swift in Sources */ = {isa = PBXBuildFile; fileRef = C43B7A692DD27C9C00B2D429 /* People_RegistrationUITests.swift */; };
		C43B7A6C2DD27C9C00B2D429 /* People_RegistrationUITestsLaunchTests.swift in Sources */ = {isa = PBXBuildFile; fileRef = C43B7A6B2DD27C9C00B2D429 /* People_RegistrationUITestsLaunchTests.swift */; };
/* End PBXBuildFile section */

/* Begin PBXContainerItemProxy section */
		C43B7A5C2DD27C9C00B2D429 /* PBXContainerItemProxy */ = {
			isa = PBXContainerItemProxy;
			containerPortal = C43B7A422DD27C9900B2D429 /* Project object */;
			proxyType = 1;
			remoteGlobalIDString = C43B7A492DD27C9900B2D429;
			remoteInfo = "People Registration";
		};
		C43B7A662DD27C9C00B2D429 /* PBXContainerItemProxy */ = {
			isa = PBXContainerItemProxy;
			containerPortal = C43B7A422DD27C9900B2D429 /* Project object */;
			proxyType = 1;
			remoteGlobalIDString = C43B7A492DD27C9900B2D429;
			remoteInfo = "People Registration";
		};
/* End PBXContainerItemProxy section */

/* Begin PBXFileReference section */
		C43B7A4A2DD27C9900B2D429 /* People Registration.app */ = {isa = PBXFileReference; explicitFileType = wrapper.application; includeInIndex = 0; path = "People Registration.app"; sourceTree = BUILT_PRODUCTS_DIR; };
		C43B7A4D2DD27C9900B2D429 /* People_RegistrationApp.swift */ = {isa = PBXFileReference; lastKnownFileType = sourcecode.swift; path = People_RegistrationApp.swift; sourceTree = "<group>"; };
		C43B7A4F2DD27C9900B2D429 /* ContentView.swift */ = {isa = PBXFileReference; lastKnownFileType = sourcecode.swift; path = ContentView.swift; sourceTree = "<group>"; };
		C43B7A512DD27C9C00B2D429 /* Assets.xcassets */ = {isa = PBXFileReference; lastKnownFileType = folder.assetcatalog; path = Assets.xcassets; sourceTree = "<group>"; };
		C43B7A532DD27C9C00B2D429 /* People_Registration.entitlements */ = {isa = PBXFileReference; lastKnownFileType = text.plist.entitlements; path = People_Registration.entitlements; sourceTree = "<group>"; };
		C43B7A552DD27C9C00B2D429 /* Preview Assets.xcassets */ = {isa = PBXFileReference; lastKnownFileType = folder.assetcatalog; path = "Preview Assets.xcassets"; sourceTree = "<group>"; };
		C43B7A5B2DD27C9C00B2D429 /* People RegistrationTests.xctest */ = {isa = PBXFileReference; explicitFileType = wrapper.cfbundle; includeInIndex = 0; path = "People RegistrationTests.xctest"; sourceTree = BUILT_PRODUCTS_DIR; };
		C43B7A5F2DD27C9C00B2D429 /* People_RegistrationTests.swift */ = {isa = PBXFileReference; lastKnownFileType = sourcecode.swift; path = People_RegistrationTests.swift; sourceTree = "<group>"; };
		C43B7A652DD27C9C00B2D429 /* People RegistrationUITests.xctest */ = {isa = PBXFileReference; explicitFileType = wrapper.cfbundle; includeInIndex = 0; path = "People RegistrationUITests.xctest"; sourceTree = BUILT_PRODUCTS_DIR; };
		C43B7A692DD27C9C00B2D429 /* People_RegistrationUITests.swift */ = {isa = PBXFileReference; lastKnownFileType = sourcecode.swift; path = People_RegistrationUITests.swift; sourceTree = "<group>"; };
		C43B7A6B2DD27C9C00B2D429 /* People_RegistrationUITestsLaunchTests.swift */ = {isa = PBXFileReference; lastKnownFileType = sourcecode.swift; path = People_RegistrationUITestsLaunchTests.swift; sourceTree = "<group>"; };
/* End PBXFileReference section */

/* Begin PBXFrameworksBuildPhase section */
		C43B7A472DD27C9900B2D429 /* Frameworks */ = {
			isa = PBXFrameworksBuildPhase;
			buildActionMask = 2147483647;
			files = (
			);
			runOnlyForDeploymentPostprocessing = 0;
		};
		C43B7A582DD27C9C00B2D429 /* Frameworks */ = {
			isa = PBXFrameworksBuildPhase;
			buildActionMask = 2147483647;
			files = (
			);
			runOnlyForDeploymentPostprocessing = 0;
		};
		C43B7A622DD27C9C00B2D429 /* Frameworks */ = {
			isa = PBXFrameworksBuildPhase;
			buildActionMask = 2147483647;
			files = (
			);
			runOnlyForDeploymentPostprocessing = 0;
		};
/* End PBXFrameworksBuildPhase section */

/* Begin PBXGroup section */
		C43B7A412DD27C9900B2D429 = {
			isa = PBXGroup;
			children = (
				C43B7A4C2DD27C9900B2D429 /* People Registration */,
				C43B7A5E2DD27C9C00B2D429 /* People RegistrationTests */,
				C43B7A682DD27C9C00B2D429 /* People RegistrationUITests */,
				C43B7A4B2DD27C9900B2D429 /* Products */,
			);
			sourceTree = "<group>";
		};
		C43B7A4B2DD27C9900B2D429 /* Products */ = {
			isa = PBXGroup;
			children = (
				C43B7A4A2DD27C9900B2D429 /* People Registration.app */,
				C43B7A5B2DD27C9C00B2D429 /* People RegistrationTests.xctest */,
				C43B7A652DD27C9C00B2D429 /* People RegistrationUITests.xctest */,
			);
			name = Products;
			sourceTree = "<group>";
		};
		C43B7A4C2DD27C9900B2D429 /* People Registration */ = {
			isa = PBXGroup;
			children = (
				C43B7A4D2DD27C9900B2D429 /* People_RegistrationApp.swift */,
				C43B7A4F2DD27C9900B2D429 /* ContentView.swift */,
				C43B7A512DD27C9C00B2D429 /* Assets.xcassets */,
				C43B7A532DD27C9C00B2D429 /* People_Registration.entitlements */,
				C43B7A542DD27C9C00B2D429 /* Preview Content */,
			);
			path = "People Registration";
			sourceTree = "<group>";
		};
		C43B7A542DD27C9C00B2D429 /* Preview Content */ = {
			isa = PBXGroup;
			children = (
				C43B7A552DD27C9C00B2D429 /* Preview Assets.xcassets */,
			);
			path = "Preview Content";
			sourceTree = "<group>";
		};
		C43B7A5E2DD27C9C00B2D429 /* People RegistrationTests */ = {
			isa = PBXGroup;
			children = (
				C43B7A5F2DD27C9C00B2D429 /* People_RegistrationTests.swift */,
			);
			path = "People RegistrationTests";
			sourceTree = "<group>";
		};
		C43B7A682DD27C9C00B2D429 /* People RegistrationUITests */ = {
			isa = PBXGroup;
			children = (
				C43B7A692DD27C9C00B2D429 /* People_RegistrationUITests.swift */,
				C43B7A6B2DD27C9C00B2D429 /* People_RegistrationUITestsLaunchTests.swift */,
			);
			path = "People RegistrationUITests";
			sourceTree = "<group>";
		};
/* End PBXGroup section */

/* Begin PBXNativeTarget section */
		C43B7A492DD27C9900B2D429 /* People Registration */ = {
			isa = PBXNativeTarget;
			buildConfigurationList = C43B7A6F2DD27C9C00B2D429 /* Build configuration list for PBXNativeTarget "People Registration" */;
			buildPhases = (
				C43B7A462DD27C9900B2D429 /* Sources */,
				C43B7A472DD27C9900B2D429 /* Frameworks */,
				C43B7A482DD27C9900B2D429 /* Resources */,
			);
			buildRules = (
			);
			dependencies = (
			);
			name = "People Registration";
			productName = "People Registration";
			productReference = C43B7A4A2DD27C9900B2D429 /* People Registration.app */;
			productType = "com.apple.product-type.application";
		};
		C43B7A5A2DD27C9C00B2D429 /* People RegistrationTests */ = {
			isa = PBXNativeTarget;
			buildConfigurationList = C43B7A722DD27C9C00B2D429 /* Build configuration list for PBXNativeTarget "People RegistrationTests" */;
			buildPhases = (
				C43B7A572DD27C9C00B2D429 /* Sources */,
				C43B7A582DD27C9C00B2D429 /* Frameworks */,
				C43B7A592DD27C9C00B2D429 /* Resources */,
			);
			buildRules = (
			);
			dependencies = (
				C43B7A5D2DD27C9C00B2D429 /* PBXTargetDependency */,
			);
			name = "People RegistrationTests";
			productName = "People RegistrationTests";
			productReference = C43B7A5B2DD27C9C00B2D429 /* People RegistrationTests.xctest */;
			productType = "com.apple.product-type.bundle.unit-test";
		};
		C43B7A642DD27C9C00B2D429 /* People RegistrationUITests */ = {
			isa = PBXNativeTarget;
			buildConfigurationList = C43B7A752DD27C9C00B2D429 /* Build configuration list for PBXNativeTarget "People RegistrationUITests" */;
			buildPhases = (
				C43B7A612DD27C9C00B2D429 /* Sources */,
				C43B7A622DD27C9C00B2D429 /* Frameworks */,
				C43B7A632DD27C9C00B2D429 /* Resources */,
			);
			buildRules = (
			);
			dependencies = (
				C43B7A672DD27C9C00B2D429 /* PBXTargetDependency */,
			);
			name = "People RegistrationUITests";
			productName = "People RegistrationUITests";
			productReference = C43B7A652DD27C9C00B2D429 /* People RegistrationUITests.xctest */;
			productType = "com.apple.product-type.bundle.ui-testing";
		};
/* End PBXNativeTarget section */

/* Begin PBXProject section */
		C43B7A422DD27C9900B2D429 /* Project object */ = {
			isa = PBXProject;
			attributes = {
				BuildIndependentTargetsInParallel = 1;
				LastSwiftUpdateCheck = 1540;
				LastUpgradeCheck = 1540;
				TargetAttributes = {
					C43B7A492DD27C9900B2D429 = {
						CreatedOnToolsVersion = 15.4;
					};
					C43B7A5A2DD27C9C00B2D429 = {
						CreatedOnToolsVersion = 15.4;
						TestTargetID = C43B7A492DD27C9900B2D429;
					};
					C43B7A642DD27C9C00B2D429 = {
						CreatedOnToolsVersion = 15.4;
						TestTargetID = C43B7A492DD27C9900B2D429;
					};
				};
			};
			buildConfigurationList = C43B7A452DD27C9900B2D429 /* Build configuration list for PBXProject "People Registration" */;
			compatibilityVersion = "Xcode 14.0";
			developmentRegion = en;
			hasScannedForEncodings = 0;
			knownRegions = (
				en,
				Base,
			);
			mainGroup = C43B7A412DD27C9900B2D429;
			productRefGroup = C43B7A4B2DD27C9900B2D429 /* Products */;
			projectDirPath = "";
			projectRoot = "";
			targets = (
				C43B7A492DD27C9900B2D429 /* People Registration */,
				C43B7A5A2DD27C9C00B2D429 /* People RegistrationTests */,
				C43B7A642DD27C9C00B2D429 /* People RegistrationUITests */,
			);
		};
/* End PBXProject section */

/* Begin PBXResourcesBuildPhase section */
		C43B7A482DD27C9900B2D429 /* Resources */ = {
			isa = PBXResourcesBuildPhase;
			buildActionMask = 2147483647;
			files = (
				C43B7A562DD27C9C00B2D429 /* Preview Assets.xcassets in Resources */,
				C43B7A522DD27C9C00B2D429 /* Assets.xcassets in Resources */,
			);
			runOnlyForDeploymentPostprocessing = 0;
		};
		C43B7A592DD27C9C00B2D429 /* Resources */ = {
			isa = PBXResourcesBuildPhase;
			buildActionMask = 2147483647;
			files = (
			);
			runOnlyForDeploymentPostprocessing = 0;
		};
		C43B7A632DD27C9C00B2D429 /* Resources */ = {
			isa = PBXResourcesBuildPhase;
			buildActionMask = 2147483647;
			files = (
			);
			runOnlyForDeploymentPostprocessing = 0;
		};
/* End PBXResourcesBuildPhase section */

/* Begin PBXSourcesBuildPhase section */
		C43B7A462DD27C9900B2D429 /* Sources */ = {
			isa = PBXSourcesBuildPhase;
			buildActionMask = 2147483647;
			files = (
				C43B7A502DD27C9900B2D429 /* ContentView.swift in Sources */,
				C43B7A4E2DD27C9900B2D429 /* People_RegistrationApp.swift in Sources */,
			);
			runOnlyForDeploymentPostprocessing = 0;
		};
		C43B7A572DD27C9C00B2D429 /* Sources */ = {
			isa = PBXSourcesBuildPhase;
			buildActionMask = 2147483647;
			files = (
				C43B7A602DD27C9C00B2D429 /* People_RegistrationTests.swift in Sources */,
			);
			runOnlyForDeploymentPostprocessing = 0;
		};
		C43B7A612DD27C9C00B2D429 /* Sources */ = {
			isa = PBXSourcesBuildPhase;
			buildActionMask = 2147483647;
			files = (
				C43B7A6C2DD27C9C00B2D429 /* People_RegistrationUITestsLaunchTests.swift in Sources */,
				C43B7A6A2DD27C9C00B2D429 /* People_RegistrationUITests.swift in Sources */,
			);
			runOnlyForDeploymentPostprocessing = 0;
		};
/* End PBXSourcesBuildPhase section */

/* Begin PBXTargetDependency section */
		C43B7A5D2DD27C9C00B2D429 /* PBXTargetDependency */ = {
			isa = PBXTargetDependency;
			target = C43B7A492DD27C9900B2D429 /* People Registration */;
			targetProxy = C43B7A5C2DD27C9C00B2D429 /* PBXContainerItemProxy */;
		};
		C43B7A672DD27C9C00B2D429 /* PBXTargetDependency */ = {
			isa = PBXTargetDependency;
			target = C43B7A492DD27C9900B2D429 /* People Registration */;
			targetProxy = C43B7A662DD27C9C00B2D429 /* PBXContainerItemProxy */;
		};
/* End PBXTargetDependency section */

/* Begin XCBuildConfiguration section */
		C43B7A6D2DD27C9C00B2D429 /* Debug */ = {
			isa = XCBuildConfiguration;
			buildSettings = {
				ALWAYS_SEARCH_USER_PATHS = NO;
				ASSETCATALOG_COMPILER_GENERATE_SWIFT_ASSET_SYMBOL_EXTENSIONS = YES;
				CLANG_ANALYZER_NONNULL = YES;
				CLANG_ANALYZER_NUMBER_OBJECT_CONVERSION = YES_AGGRESSIVE;
				CLANG_CXX_LANGUAGE_STANDARD = "gnu++20";
				CLANG_ENABLE_MODULES = YES;
				CLANG_ENABLE_OBJC_ARC = YES;
				CLANG_ENABLE_OBJC_WEAK = YES;
				CLANG_WARN_BLOCK_CAPTURE_AUTORELEASING = YES;
				CLANG_WARN_BOOL_CONVERSION = YES;
				CLANG_WARN_COMMA = YES;
				CLANG_WARN_CONSTANT_CONVERSION = YES;
				CLANG_WARN_DEPRECATED_OBJC_IMPLEMENTATIONS = YES;
				CLANG_WARN_DIRECT_OBJC_ISA_USAGE = YES_ERROR;
				CLANG_WARN_DOCUMENTATION_COMMENTS = YES;
				CLANG_WARN_EMPTY_BODY = YES;
				CLANG_WARN_ENUM_CONVERSION = YES;
				CLANG_WARN_INFINITE_RECURSION = YES;
				CLANG_WARN_INT_CONVERSION = YES;
				CLANG_WARN_NON_LITERAL_NULL_CONVERSION = YES;
				CLANG_WARN_OBJC_IMPLICIT_RETAIN_SELF = YES;
				CLANG_WARN_OBJC_LITERAL_CONVERSION = YES;
				CLANG_WARN_OBJC_ROOT_CLASS = YES_ERROR;
				CLANG_WARN_QUOTED_INCLUDE_IN_FRAMEWORK_HEADER = YES;
				CLANG_WARN_RANGE_LOOP_ANALYSIS = YES;
				CLANG_WARN_STRICT_PROTOTYPES = YES;
				CLANG_WARN_SUSPICIOUS_MOVE = YES;
				CLANG_WARN_UNGUARDED_AVAILABILITY = YES_AGGRESSIVE;
				CLANG_WARN_UNREACHABLE_CODE = YES;
				CLANG_WARN__DUPLICATE_METHOD_MATCH = YES;
				COPY_PHASE_STRIP = NO;
				DEBUG_INFORMATION_FORMAT = dwarf;
				ENABLE_STRICT_OBJC_MSGSEND = YES;
				ENABLE_TESTABILITY = YES;
				ENABLE_USER_SCRIPT_SANDBOXING = YES;
				GCC_C_LANGUAGE_STANDARD = gnu17;
				GCC_DYNAMIC_NO_PIC = NO;
				GCC_NO_COMMON_BLOCKS = YES;
				GCC_OPTIMIZATION_LEVEL = 0;
				GCC_PREPROCESSOR_DEFINITIONS = (
					"DEBUG=1",
					"$(inherited)",
				);
				GCC_WARN_64_TO_32_BIT_CONVERSION = YES;
				GCC_WARN_ABOUT_RETURN_TYPE = YES_ERROR;
				GCC_WARN_UNDECLARED_SELECTOR = YES;
				GCC_WARN_UNINITIALIZED_AUTOS = YES_AGGRESSIVE;
				GCC_WARN_UNUSED_FUNCTION = YES;
				GCC_WARN_UNUSED_VARIABLE = YES;
				LOCALIZATION_PREFERS_STRING_CATALOGS = YES;
				MTL_ENABLE_DEBUG_INFO = INCLUDE_SOURCE;
				MTL_FAST_MATH = YES;
				ONLY_ACTIVE_ARCH = YES;
				SWIFT_ACTIVE_COMPILATION_CONDITIONS = "DEBUG $(inherited)";
				SWIFT_OPTIMIZATION_LEVEL = "-Onone";
			};
			name = Debug;
		};
		C43B7A6E2DD27C9C00B2D429 /* Release */ = {
			isa = XCBuildConfiguration;
			buildSettings = {
				ALWAYS_SEARCH_USER_PATHS = NO;
				ASSETCATALOG_COMPILER_GENERATE_SWIFT_ASSET_SYMBOL_EXTENSIONS = YES;
				CLANG_ANALYZER_NONNULL = YES;
				CLANG_ANALYZER_NUMBER_OBJECT_CONVERSION = YES_AGGRESSIVE;
				CLANG_CXX_LANGUAGE_STANDARD = "gnu++20";
				CLANG_ENABLE_MODULES = YES;
				CLANG_ENABLE_OBJC_ARC = YES;
				CLANG_ENABLE_OBJC_WEAK = YES;
				CLANG_WARN_BLOCK_CAPTURE_AUTORELEASING = YES;
				CLANG_WARN_BOOL_CONVERSION = YES;
				CLANG_WARN_COMMA = YES;
				CLANG_WARN_CONSTANT_CONVERSION = YES;
				CLANG_WARN_DEPRECATED_OBJC_IMPLEMENTATIONS = YES;
				CLANG_WARN_DIRECT_OBJC_ISA_USAGE = YES_ERROR;
				CLANG_WARN_DOCUMENTATION_COMMENTS = YES;
				CLANG_WARN_EMPTY_BODY = YES;
				CLANG_WARN_ENUM_CONVERSION = YES;
				CLANG_WARN_INFINITE_RECURSION = YES;
				CLANG_WARN_INT_CONVERSION = YES;
				CLANG_WARN_NON_LITERAL_NULL_CONVERSION = YES;
				CLANG_WARN_OBJC_IMPLICIT_RETAIN_SELF = YES;
				CLANG_WARN_OBJC_LITERAL_CONVERSION = YES;
				CLANG_WARN_OBJC_ROOT_CLASS = YES_ERROR;
				CLANG_WARN_QUOTED_INCLUDE_IN_FRAMEWORK_HEADER = YES;
				CLANG_WARN_RANGE_LOOP_ANALYSIS = YES;
				CLANG_WARN_STRICT_PROTOTYPES = YES;
				CLANG_WARN_SUSPICIOUS_MOVE = YES;
				CLANG_WARN_UNGUARDED_AVAILABILITY = YES_AGGRESSIVE;
				CLANG_WARN_UNREACHABLE_CODE = YES;
				CLANG_WARN__DUPLICATE_METHOD_MATCH = YES;
				COPY_PHASE_STRIP = NO;
				DEBUG_INFORMATION_FORMAT = "dwarf-with-dsym";
				ENABLE_NS_ASSERTIONS = NO;
				ENABLE_STRICT_OBJC_MSGSEND = YES;
				ENABLE_USER_SCRIPT_SANDBOXING = YES;
				GCC_C_LANGUAGE_STANDARD = gnu17;
				GCC_NO_COMMON_BLOCKS = YES;
				GCC_WARN_64_TO_32_BIT_CONVERSION = YES;
				GCC_WARN_ABOUT_RETURN_TYPE = YES_ERROR;
				GCC_WARN_UNDECLARED_SELECTOR = YES;
				GCC_WARN_UNINITIALIZED_AUTOS = YES_AGGRESSIVE;
				GCC_WARN_UNUSED_FUNCTION = YES;
				GCC_WARN_UNUSED_VARIABLE = YES;
				LOCALIZATION_PREFERS_STRING_CATALOGS = YES;
				MTL_ENABLE_DEBUG_INFO = NO;
				MTL_FAST_MATH = YES;
				SWIFT_COMPILATION_MODE = wholemodule;
			};
			name = Release;
		};
		C43B7A702DD27C9C00B2D429 /* Debug */ = {
			isa = XCBuildConfiguration;
			buildSettings = {
				ASSETCATALOG_COMPILER_APPICON_NAME = AppIcon;
				ASSETCATALOG_COMPILER_GLOBAL_ACCENT_COLOR_NAME = AccentColor;
				CODE_SIGN_ENTITLEMENTS = "People Registration/People_Registration.entitlements";
				CODE_SIGN_STYLE = Automatic;
				CURRENT_PROJECT_VERSION = 1;
				DEVELOPMENT_ASSET_PATHS = "\"People Registration/Preview Content\"";
				DEVELOPMENT_TEAM = 3Y849LPDM8;
				ENABLE_HARDENED_RUNTIME = YES;
				ENABLE_PREVIEWS = YES;
				GENERATE_INFOPLIST_FILE = YES;
				"INFOPLIST_KEY_UIApplicationSceneManifest_Generation[sdk=iphoneos*]" = YES;
				"INFOPLIST_KEY_UIApplicationSceneManifest_Generation[sdk=iphonesimulator*]" = YES;
				"INFOPLIST_KEY_UIApplicationSupportsIndirectInputEvents[sdk=iphoneos*]" = YES;
				"INFOPLIST_KEY_UIApplicationSupportsIndirectInputEvents[sdk=iphonesimulator*]" = YES;
				"INFOPLIST_KEY_UILaunchScreen_Generation[sdk=iphoneos*]" = YES;
				"INFOPLIST_KEY_UILaunchScreen_Generation[sdk=iphonesimulator*]" = YES;
				"INFOPLIST_KEY_UIStatusBarStyle[sdk=iphoneos*]" = UIStatusBarStyleDefault;
				"INFOPLIST_KEY_UIStatusBarStyle[sdk=iphonesimulator*]" = UIStatusBarStyleDefault;
				INFOPLIST_KEY_UISupportedInterfaceOrientations_iPad = "UIInterfaceOrientationPortrait UIInterfaceOrientationPortraitUpsideDown UIInterfaceOrientationLandscapeLeft UIInterfaceOrientationLandscapeRight";
				INFOPLIST_KEY_UISupportedInterfaceOrientations_iPhone = "UIInterfaceOrientationPortrait UIInterfaceOrientationLandscapeLeft UIInterfaceOrientationLandscapeRight";
				IPHONEOS_DEPLOYMENT_TARGET = 17.5;
				LD_RUNPATH_SEARCH_PATHS = "@executable_path/Frameworks";
				"LD_RUNPATH_SEARCH_PATHS[sdk=macosx*]" = "@executable_path/../Frameworks";
				MACOSX_DEPLOYMENT_TARGET = 14.3;
				MARKETING_VERSION = 1.0;
				PRODUCT_BUNDLE_IDENTIFIER = "-.People-Registration";
				PRODUCT_NAME = "$(TARGET_NAME)";
				SDKROOT = auto;
				SUPPORTED_PLATFORMS = "iphoneos iphonesimulator macosx";
				SWIFT_EMIT_LOC_STRINGS = YES;
				SWIFT_VERSION = 5.0;
				TARGETED_DEVICE_FAMILY = "1,2";
			};
			name = Debug;
		};
		C43B7A712DD27C9C00B2D429 /* Release */ = {
			isa = XCBuildConfiguration;
			buildSettings = {
				ASSETCATALOG_COMPILER_APPICON_NAME = AppIcon;
				ASSETCATALOG_COMPILER_GLOBAL_ACCENT_COLOR_NAME = AccentColor;
				CODE_SIGN_ENTITLEMENTS = "People Registration/People_Registration.entitlements";
				CODE_SIGN_STYLE = Automatic;
				CURRENT_PROJECT_VERSION = 1;
				DEVELOPMENT_ASSET_PATHS = "\"People Registration/Preview Content\"";
				DEVELOPMENT_TEAM = 3Y849LPDM8;
				ENABLE_HARDENED_RUNTIME = YES;
				ENABLE_PREVIEWS = YES;
				GENERATE_INFOPLIST_FILE = YES;
				"INFOPLIST_KEY_UIApplicationSceneManifest_Generation[sdk=iphoneos*]" = YES;
				"INFOPLIST_KEY_UIApplicationSceneManifest_Generation[sdk=iphonesimulator*]" = YES;
				"INFOPLIST_KEY_UIApplicationSupportsIndirectInputEvents[sdk=iphoneos*]" = YES;
				"INFOPLIST_KEY_UIApplicationSupportsIndirectInputEvents[sdk=iphonesimulator*]" = YES;
				"INFOPLIST_KEY_UILaunchScreen_Generation[sdk=iphoneos*]" = YES;
				"INFOPLIST_KEY_UILaunchScreen_Generation[sdk=iphonesimulator*]" = YES;
				"INFOPLIST_KEY_UIStatusBarStyle[sdk=iphoneos*]" = UIStatusBarStyleDefault;
				"INFOPLIST_KEY_UIStatusBarStyle[sdk=iphonesimulator*]" = UIStatusBarStyleDefault;
				INFOPLIST_KEY_UISupportedInterfaceOrientations_iPad = "UIInterfaceOrientationPortrait UIInterfaceOrientationPortraitUpsideDown UIInterfaceOrientationLandscapeLeft UIInterfaceOrientationLandscapeRight";
				INFOPLIST_KEY_UISupportedInterfaceOrientations_iPhone = "UIInterfaceOrientationPortrait UIInterfaceOrientationLandscapeLeft UIInterfaceOrientationLandscapeRight";
				IPHONEOS_DEPLOYMENT_TARGET = 17.5;
				LD_RUNPATH_SEARCH_PATHS = "@executable_path/Frameworks";
				"LD_RUNPATH_SEARCH_PATHS[sdk=macosx*]" = "@executable_path/../Frameworks";
				MACOSX_DEPLOYMENT_TARGET = 14.3;
				MARKETING_VERSION = 1.0;
				PRODUCT_BUNDLE_IDENTIFIER = "-.People-Registration";
				PRODUCT_NAME = "$(TARGET_NAME)";
				SDKROOT = auto;
				SUPPORTED_PLATFORMS = "iphoneos iphonesimulator macosx";
				SWIFT_EMIT_LOC_STRINGS = YES;
				SWIFT_VERSION = 5.0;
				TARGETED_DEVICE_FAMILY = "1,2";
			};
			name = Release;
		};
		C43B7A732DD27C9C00B2D429 /* Debug */ = {
			isa = XCBuildConfiguration;
			buildSettings = {
				ALWAYS_EMBED_SWIFT_STANDARD_LIBRARIES = YES;
				BUNDLE_LOADER = "$(TEST_HOST)";
				CODE_SIGN_STYLE = Automatic;
				CURRENT_PROJECT_VERSION = 1;
				DEVELOPMENT_TEAM = 3Y849LPDM8;
				GENERATE_INFOPLIST_FILE = YES;
				IPHONEOS_DEPLOYMENT_TARGET = 17.5;
				MACOSX_DEPLOYMENT_TARGET = 14.3;
				MARKETING_VERSION = 1.0;
				PRODUCT_BUNDLE_IDENTIFIER = "-.People-RegistrationTests";
				PRODUCT_NAME = "$(TARGET_NAME)";
				SDKROOT = auto;
				SUPPORTED_PLATFORMS = "iphoneos iphonesimulator macosx";
				SWIFT_EMIT_LOC_STRINGS = NO;
				SWIFT_VERSION = 5.0;
				TARGETED_DEVICE_FAMILY = "1,2";
				TEST_HOST = "$(BUILT_PRODUCTS_DIR)/People Registration.app/$(BUNDLE_EXECUTABLE_FOLDER_PATH)/People Registration";
			};
			name = Debug;
		};
		C43B7A742DD27C9C00B2D429 /* Release */ = {
			isa = XCBuildConfiguration;
			buildSettings = {
				ALWAYS_EMBED_SWIFT_STANDARD_LIBRARIES = YES;
				BUNDLE_LOADER = "$(TEST_HOST)";
				CODE_SIGN_STYLE = Automatic;
				CURRENT_PROJECT_VERSION = 1;
				DEVELOPMENT_TEAM = 3Y849LPDM8;
				GENERATE_INFOPLIST_FILE = YES;
				IPHONEOS_DEPLOYMENT_TARGET = 17.5;
				MACOSX_DEPLOYMENT_TARGET = 14.3;
				MARKETING_VERSION = 1.0;
				PRODUCT_BUNDLE_IDENTIFIER = "-.People-RegistrationTests";
				PRODUCT_NAME = "$(TARGET_NAME)";
				SDKROOT = auto;
				SUPPORTED_PLATFORMS = "iphoneos iphonesimulator macosx";
				SWIFT_EMIT_LOC_STRINGS = NO;
				SWIFT_VERSION = 5.0;
				TARGETED_DEVICE_FAMILY = "1,2";
				TEST_HOST = "$(BUILT_PRODUCTS_DIR)/People Registration.app/$(BUNDLE_EXECUTABLE_FOLDER_PATH)/People Registration";
			};
			name = Release;
		};
		C43B7A762DD27C9C00B2D429 /* Debug */ = {
			isa = XCBuildConfiguration;
			buildSettings = {
				ALWAYS_EMBED_SWIFT_STANDARD_LIBRARIES = YES;
				CODE_SIGN_STYLE = Automatic;
				CURRENT_PROJECT_VERSION = 1;
				DEVELOPMENT_TEAM = 3Y849LPDM8;
				GENERATE_INFOPLIST_FILE = YES;
				IPHONEOS_DEPLOYMENT_TARGET = 17.5;
				MACOSX_DEPLOYMENT_TARGET = 14.3;
				MARKETING_VERSION = 1.0;
				PRODUCT_BUNDLE_IDENTIFIER = "-.People-RegistrationUITests";
				PRODUCT_NAME = "$(TARGET_NAME)";
				SDKROOT = auto;
				SUPPORTED_PLATFORMS = "iphoneos iphonesimulator macosx";
				SWIFT_EMIT_LOC_STRINGS = NO;
				SWIFT_VERSION = 5.0;
				TARGETED_DEVICE_FAMILY = "1,2";
				TEST_TARGET_NAME = "People Registration";
			};
			name = Debug;
		};
		C43B7A772DD27C9C00B2D429 /* Release */ = {
			isa = XCBuildConfiguration;
			buildSettings = {
				ALWAYS_EMBED_SWIFT_STANDARD_LIBRARIES = YES;
				CODE_SIGN_STYLE = Automatic;
				CURRENT_PROJECT_VERSION = 1;
				DEVELOPMENT_TEAM = 3Y849LPDM8;
				GENERATE_INFOPLIST_FILE = YES;
				IPHONEOS_DEPLOYMENT_TARGET = 17.5;
				MACOSX_DEPLOYMENT_TARGET = 14.3;
				MARKETING_VERSION = 1.0;
				PRODUCT_BUNDLE_IDENTIFIER = "-.People-RegistrationUITests";
				PRODUCT_NAME = "$(TARGET_NAME)";
				SDKROOT = auto;
				SUPPORTED_PLATFORMS = "iphoneos iphonesimulator macosx";
				SWIFT_EMIT_LOC_STRINGS = NO;
				SWIFT_VERSION = 5.0;
				TARGETED_DEVICE_FAMILY = "1,2";
				TEST_TARGET_NAME = "People Registration";
			};
			name = Release;
		};
/* End XCBuildConfiguration section */

/* Begin XCConfigurationList section */
		C43B7A452DD27C9900B2D429 /* Build configuration list for PBXProject "People Registration" */ = {
			isa = XCConfigurationList;
			buildConfigurations = (
				C43B7A6D2DD27C9C00B2D429 /* Debug */,
				C43B7A6E2DD27C9C00B2D429 /* Release */,
			);
			defaultConfigurationIsVisible = 0;
			defaultConfigurationName = Release;
		};
		C43B7A6F2DD27C9C00B2D429 /* Build configuration list for PBXNativeTarget "People Registration" */ = {
			isa = XCConfigurationList;
			buildConfigurations = (
				C43B7A702DD27C9C00B2D429 /* Debug */,
				C43B7A712DD27C9C00B2D429 /* Release */,
			);
			defaultConfigurationIsVisible = 0;
			defaultConfigurationName = Release;
		};
		C43B7A722DD27C9C00B2D429 /* Build configuration list for PBXNativeTarget "People RegistrationTests" */ = {
			isa = XCConfigurationList;
			buildConfigurations = (
				C43B7A732DD27C9C00B2D429 /* Debug */,
				C43B7A742DD27C9C00B2D429 /* Release */,
			);
			defaultConfigurationIsVisible = 0;
			defaultConfigurationName = Release;
		};
		C43B7A752DD27C9C00B2D429 /* Build configuration list for PBXNativeTarget "People RegistrationUITests" */ = {
			isa = XCConfigurationList;
			buildConfigurations = (
				C43B7A762DD27C9C00B2D429 /* Debug */,
				C43B7A772DD27C9C00B2D429 /* Release */,
			);
			defaultConfigurationIsVisible = 0;
			defaultConfigurationName = Release;
		};
/* End XCConfigurationList section */
	};
	rootObject = C43B7A422DD27C9900B2D429 /* Project object */;
}
